
Microsoft Visual Studio Solution File, Format Version 12.00
# Visual Studio 15
VisualStudioVersion = 15.0.27703.2026
MinimumVisualStudioVersion = 10.0.40219.1
Project("{FAE04EC0-301F-11D3-BF4B-00C04F79EFBC}") = "Herencia", "Herencia\Herencia.csproj", "{61CA797F-1C72-4527-9928-1D04D5D241DD}"
EndProject
Global
	GlobalSection(SolutionConfigurationPlatforms) = preSolution
		Debug|Any CPU = Debug|Any CPU
		Release|Any CPU = Release|Any CPU
	EndGlobalSection
	GlobalSection(ProjectConfigurationPlatforms) = postSolution
		{61CA797F-1C72-4527-9928-1D04D5D241DD}.Debug|Any CPU.ActiveCfg = Debug|Any CPU
		{61CA797F-1C72-4527-9928-1D04D5D241DD}.Debug|Any CPU.Build.0 = Debug|Any CPU
		{61CA797F-1C72-4527-9928-1D04D5D241DD}.Release|Any CPU.ActiveCfg = Release|Any CPU
		{61CA797F-1C72-4527-9928-1D04D5D241DD}.Release|Any CPU.Build.0 = Release|Any CPU
	EndGlobalSection
	GlobalSection(SolutionProperties) = preSolution
		HideSolutionNode = FALSE
	EndGlobalSection
	GlobalSection(ExtensibilityGlobals) = postSolution
		SolutionGuid = {F250AA89-F3CB-4A94-95B8-806F836D3A78}
	EndGlobalSection
EndGlobal
